
Microsoft Visual Studio Solution File, Format Version 12.00
# Visual Studio Version 17
VisualStudioVersion = 17.1.32328.378
MinimumVisualStudioVersion = 10.0.40219.1
Project("{FAE04EC0-301F-11D3-BF4B-00C04F79EFBC}") = "pryMoralesSP1H1", "pryMoralesSP1H1\pryMoralesSP1H1.csproj", "{00F9D53B-D757-49A1-8043-C57406B3E862}"
EndProject
Global
	GlobalSection(SolutionConfigurationPlatforms) = preSolution
		Debug|Any CPU = Debug|Any CPU
		Release|Any CPU = Release|Any CPU
	EndGlobalSection
	GlobalSection(ProjectConfigurationPlatforms) = postSolution
		{00F9D53B-D757-49A1-8043-C57406B3E862}.Debug|Any CPU.ActiveCfg = Debug|Any CPU
		{00F9D53B-D757-49A1-8043-C57406B3E862}.Debug|Any CPU.Build.0 = Debug|Any CPU
		{00F9D53B-D757-49A1-8043-C57406B3E862}.Release|Any CPU.ActiveCfg = Release|Any CPU
		{00F9D53B-D757-49A1-8043-C57406B3E862}.Release|Any CPU.Build.0 = Release|Any CPU
	EndGlobalSection
	GlobalSection(SolutionProperties) = preSolution
		HideSolutionNode = FALSE
	EndGlobalSection
	GlobalSection(ExtensibilityGlobals) = postSolution
		SolutionGuid = {D7BCC8EA-EA28-45ED-AC4D-DAFA5053C408}
	EndGlobalSection
EndGlobal
